
Microsoft Visual Studio Solution File, Format Version 12.00
# Visual Studio Version 17
VisualStudioVersion = 17.0.31919.166
MinimumVisualStudioVersion = 10.0.40219.1
Project("{9A19103F-16F7-4668-BE54-9A1E7A4F7556}") = "UrlShorteningApi", "UrlShorteningService\UrlShorteningApi.csproj", "{D7626FE2-1B03-4654-8FB4-6086E0C3BBC2}"
EndProject
Global
	GlobalSection(SolutionConfigurationPlatforms) = preSolution
		Debug|Any CPU = Debug|Any CPU
		Release|Any CPU = Release|Any CPU
	EndGlobalSection
	GlobalSection(ProjectConfigurationPlatforms) = postSolution
		{D7626FE2-1B03-4654-8FB4-6086E0C3BBC2}.Debug|Any CPU.ActiveCfg = Debug|Any CPU
		{D7626FE2-1B03-4654-8FB4-6086E0C3BBC2}.Debug|Any CPU.Build.0 = Debug|Any CPU
		{D7626FE2-1B03-4654-8FB4-6086E0C3BBC2}.Release|Any CPU.ActiveCfg = Release|Any CPU
		{D7626FE2-1B03-4654-8FB4-6086E0C3BBC2}.Release|Any CPU.Build.0 = Release|Any CPU
	EndGlobalSection
	GlobalSection(SolutionProperties) = preSolution
		HideSolutionNode = FALSE
	EndGlobalSection
	GlobalSection(ExtensibilityGlobals) = postSolution
		SolutionGuid = {4795881B-4D63-4D17-9769-AFC10DE817FE}
	EndGlobalSection
EndGlobal
